
Microsoft Visual Studio Solution File, Format Version 12.00
# Visual Studio Version 17
VisualStudioVersion = 17.0.31912.275
MinimumVisualStudioVersion = 10.0.40219.1
Project("{FAE04EC0-301F-11D3-BF4B-00C04F79EFBC}") = "FilmesPV", "FilmesPV\FilmesPV.csproj", "{11A82726-FCC2-458E-91B4-A0AE532390E9}"
EndProject
Global
	GlobalSection(SolutionConfigurationPlatforms) = preSolution
		Debug|Any CPU = Debug|Any CPU
		Release|Any CPU = Release|Any CPU
	EndGlobalSection
	GlobalSection(ProjectConfigurationPlatforms) = postSolution
		{11A82726-FCC2-458E-91B4-A0AE532390E9}.Debug|Any CPU.ActiveCfg = Debug|Any CPU
		{11A82726-FCC2-458E-91B4-A0AE532390E9}.Debug|Any CPU.Build.0 = Debug|Any CPU
		{11A82726-FCC2-458E-91B4-A0AE532390E9}.Release|Any CPU.ActiveCfg = Release|Any CPU
		{11A82726-FCC2-458E-91B4-A0AE532390E9}.Release|Any CPU.Build.0 = Release|Any CPU
	EndGlobalSection
	GlobalSection(SolutionProperties) = preSolution
		HideSolutionNode = FALSE
	EndGlobalSection
	GlobalSection(ExtensibilityGlobals) = postSolution
		SolutionGuid = {95958E12-4341-4EFA-8868-2F9E2B853959}
	EndGlobalSection
EndGlobal
